github.com/ikawaha/kagome-dict v1.0.9 h1:1Gg735LbBYsdFu13fdTvW6eVt0qIf5+S2qXGJtlG8C0=
github.com/ikawaha/kagome-dict v1.0.9/go.mod h1:mn9itZLkFb6Ixko7q8eZmUabHbg3i9EYewnhOtvd2RM=
github.com/ikawaha/kagome-dict/ipa v1.0.10 h1:wk9I21yg+fKdL6HJB9WgGiyXIiu1VttumJwmIRwn0g8=
github.com/ikawaha/kagome-dict/uni v1.1.9 h1:cyKLswS8DSjUPTwsOjlC4WEqRkndUUVgiJR0lcFqZUk=
github.com/ikawaha/kagome-dict/uni v1.1.9/go.mod h1:xg/2qumqt+/s8DhDGYGIU7a+q9ori8ymFvDBtcAVmgc=
github.com/ikawaha/kagome/v2 v2.9.2 h1:ojkD53v8kmlqGCHPuhZXCg0RUoF2zzisKTuDRtUI9CU=
github.com/ikawaha/kagome/v2 v2.9.2/go.mod h1:OYzxPG9dQSalvznlcLNR8TEKpPwzKhnZszw9LLbf7e8=
github.com/ikawaha/kagome/v2 v2.9.4 h1:8TgrcS47+nVCIOyQJRE33+VAqQrdKIGuZ8QI9sHz95E=
github.com/ikawaha/kagome/v2 v2.9.4/go.mod h1:OYzxPG9dQSalvznlcLNR8TEKpPwzKhnZszw9LLbf7e8=
github.com/mattn/go-encoding v0.0.2 h1:OC1L+QXLJge9n7yIE3R5Os/UNasUeFvK3Sa4NjbDi6c=
github.com/mattn/go-encoding v0.0.2/go.mod h1:WUNsdPQLK4JYRzkn8IAdmYKFYGGJ4/9YPxdPoMumPgY=
golang.org/x/net v0.8.0 h1:Zrh2ngAOFYneWTAIAPethzeaQLuHwhuBkuV6ZiRnUaQ=
golang.org/x/net v0.8.0/go.mod h1:QVkue5JL9kW//ek3r6jTKnTFis1tRmNAW2P1shuFdJc=
golang.org/x/net v0.19.0 h1:zTwKpTd2XuCqf8huc7Fo2iSy+4RHPd10s4KzeTnVr1c=
golang.org/x/net v0.19.0/go.mod h1:CfAk/cbD4CthTvqiEl8NpboMuiuOYsAr/7NOjZJtv1U=
golang.org/x/text v0.8.0 h1:57P1ETyNKtuIjB4SRd15iJxuhj8Gc416Y78H3qgMh68=
golang.org/x/text v0.8.0/go.mod h1:e1OnstbJyHTd6l/uOt8jFFHp6TRDWZR/bV3emEE/zU8=
golang.org/x/text v0.14.0 h1:ScX5w1eTa3QqT8oi6+ziP7dTV1S2+ALU0bI+0zXKWiQ=
golang.org/x/text v0.14.0/go.mod h1:18ZOQIKpY8NJVqYksKHtTdi31H5itFRjB5/qKTNYzSU=
